
Microsoft Visual Studio Solution File, Format Version 12.00
Project("{FAE04EC0-301F-11D3-BF4B-00C04F79EFBC}") = "EfCore_MySql_CRUD", "EfCore_MySql_CRUD\EfCore_MySql_CRUD.csproj", "{B7695960-A711-4C01-AFE5-790F025D62FF}"
EndProject
Global
	GlobalSection(SolutionConfigurationPlatforms) = preSolution
		Debug|Any CPU = Debug|Any CPU
		Release|Any CPU = Release|Any CPU
	EndGlobalSection
	GlobalSection(ProjectConfigurationPlatforms) = postSolution
		{B7695960-A711-4C01-AFE5-790F025D62FF}.Debug|Any CPU.ActiveCfg = Debug|Any CPU
		{B7695960-A711-4C01-AFE5-790F025D62FF}.Debug|Any CPU.Build.0 = Debug|Any CPU
		{B7695960-A711-4C01-AFE5-790F025D62FF}.Release|Any CPU.ActiveCfg = Release|Any CPU
		{B7695960-A711-4C01-AFE5-790F025D62FF}.Release|Any CPU.Build.0 = Release|Any CPU
	EndGlobalSection
EndGlobal
