
Microsoft Visual Studio Solution File, Format Version 12.00
Project("{FAE04EC0-301F-11D3-BF4B-00C04F79EFBC}") = "SemanticKernelWeatherApp", "SemanticKernelWeatherApp\SemanticKernelWeatherApp.csproj", "{255E1468-2B4F-436B-8E97-DF34D619C584}"
EndProject
Global
	GlobalSection(SolutionConfigurationPlatforms) = preSolution
		Debug|Any CPU = Debug|Any CPU
		Release|Any CPU = Release|Any CPU
	EndGlobalSection
	GlobalSection(ProjectConfigurationPlatforms) = postSolution
		{255E1468-2B4F-436B-8E97-DF34D619C584}.Debug|Any CPU.ActiveCfg = Debug|Any CPU
		{255E1468-2B4F-436B-8E97-DF34D619C584}.Debug|Any CPU.Build.0 = Debug|Any CPU
		{255E1468-2B4F-436B-8E97-DF34D619C584}.Release|Any CPU.ActiveCfg = Release|Any CPU
		{255E1468-2B4F-436B-8E97-DF34D619C584}.Release|Any CPU.Build.0 = Release|Any CPU
	EndGlobalSection
EndGlobal
