Microsoft Visual Studio Solution File, Format Version 12.00
# Visual Studio Version 17
VisualStudioVersion = 17.5.2.0
MinimumVisualStudioVersion = 10.0.40219.1
Project("{FAE04EC0-301F-11D3-BF4B-00C04F79EFBC}") = "2_WebHttpClientDemo", "2_WebHttpClientDemo.csproj", "{2B6C2537-54E8-9045-B8E9-00E6CD3C34D2}"
EndProject
Global
	GlobalSection(SolutionConfigurationPlatforms) = preSolution
		Debug|Any CPU = Debug|Any CPU
		Release|Any CPU = Release|Any CPU
	EndGlobalSection
	GlobalSection(ProjectConfigurationPlatforms) = postSolution
		{2B6C2537-54E8-9045-B8E9-00E6CD3C34D2}.Debug|Any CPU.ActiveCfg = Debug|Any CPU
		{2B6C2537-54E8-9045-B8E9-00E6CD3C34D2}.Debug|Any CPU.Build.0 = Debug|Any CPU
		{2B6C2537-54E8-9045-B8E9-00E6CD3C34D2}.Release|Any CPU.ActiveCfg = Release|Any CPU
		{2B6C2537-54E8-9045-B8E9-00E6CD3C34D2}.Release|Any CPU.Build.0 = Release|Any CPU
	EndGlobalSection
	GlobalSection(SolutionProperties) = preSolution
		HideSolutionNode = FALSE
	EndGlobalSection
	GlobalSection(ExtensibilityGlobals) = postSolution
		SolutionGuid = {16E7EB9F-E31C-4F85-89AD-303CBCB4495D}
	EndGlobalSection
EndGlobal
