
Microsoft Visual Studio Solution File, Format Version 12.00
# Visual Studio Version 17
VisualStudioVersion = 17.5.002.0
MinimumVisualStudioVersion = 10.0.40219.1
Project("{9A19103F-16F7-4668-BE54-9A1E7A4F7556}") = "HttpClient_Demo", "HttpClient_Demo.csproj", "{C1E406F1-205E-4755-A6E5-83FC4A9F91BA}"
EndProject
Global
	GlobalSection(SolutionConfigurationPlatforms) = preSolution
		Debug|Any CPU = Debug|Any CPU
		Release|Any CPU = Release|Any CPU
	EndGlobalSection
	GlobalSection(ProjectConfigurationPlatforms) = postSolution
		{C1E406F1-205E-4755-A6E5-83FC4A9F91BA}.Debug|Any CPU.ActiveCfg = Debug|Any CPU
		{C1E406F1-205E-4755-A6E5-83FC4A9F91BA}.Debug|Any CPU.Build.0 = Debug|Any CPU
		{C1E406F1-205E-4755-A6E5-83FC4A9F91BA}.Release|Any CPU.ActiveCfg = Release|Any CPU
		{C1E406F1-205E-4755-A6E5-83FC4A9F91BA}.Release|Any CPU.Build.0 = Release|Any CPU
	EndGlobalSection
	GlobalSection(SolutionProperties) = preSolution
		HideSolutionNode = FALSE
	EndGlobalSection
	GlobalSection(ExtensibilityGlobals) = postSolution
		SolutionGuid = {2AD6F29C-A3BA-4E7E-9823-183200CB5EF0}
	EndGlobalSection
EndGlobal
