
Microsoft Visual Studio Solution File, Format Version 12.00
Project("{FAE04EC0-301F-11D3-BF4B-00C04F79EFBC}") = "AgentFrameworkQuickStart", "AgentFrameworkQuickStart\AgentFrameworkQuickStart.csproj", "{131FE9DD-720F-4444-B334-77445DA0F6E7}"
EndProject
Project("{FAE04EC0-301F-11D3-BF4B-00C04F79EFBC}") = "ExternalPizzaAgent", "ExternalPizzaAgent\ExternalPizzaAgent.csproj", "{EE3C79BF-471F-4A16-8634-F79FD4C27374}"
EndProject
Project("{FAE04EC0-301F-11D3-BF4B-00C04F79EFBC}") = "WebApplication1", "WebApplication1\WebApplication1.csproj", "{0C140C12-66E8-4EAA-A25E-D82908CF3D04}"
EndProject
Global
	GlobalSection(SolutionConfigurationPlatforms) = preSolution
		Debug|Any CPU = Debug|Any CPU
		Release|Any CPU = Release|Any CPU
	EndGlobalSection
	GlobalSection(ProjectConfigurationPlatforms) = postSolution
		{131FE9DD-720F-4444-B334-77445DA0F6E7}.Debug|Any CPU.ActiveCfg = Debug|Any CPU
		{131FE9DD-720F-4444-B334-77445DA0F6E7}.Debug|Any CPU.Build.0 = Debug|Any CPU
		{131FE9DD-720F-4444-B334-77445DA0F6E7}.Release|Any CPU.ActiveCfg = Release|Any CPU
		{131FE9DD-720F-4444-B334-77445DA0F6E7}.Release|Any CPU.Build.0 = Release|Any CPU
		{EE3C79BF-471F-4A16-8634-F79FD4C27374}.Debug|Any CPU.ActiveCfg = Debug|Any CPU
		{EE3C79BF-471F-4A16-8634-F79FD4C27374}.Debug|Any CPU.Build.0 = Debug|Any CPU
		{EE3C79BF-471F-4A16-8634-F79FD4C27374}.Release|Any CPU.ActiveCfg = Release|Any CPU
		{EE3C79BF-471F-4A16-8634-F79FD4C27374}.Release|Any CPU.Build.0 = Release|Any CPU
		{0C140C12-66E8-4EAA-A25E-D82908CF3D04}.Debug|Any CPU.ActiveCfg = Debug|Any CPU
		{0C140C12-66E8-4EAA-A25E-D82908CF3D04}.Debug|Any CPU.Build.0 = Debug|Any CPU
		{0C140C12-66E8-4EAA-A25E-D82908CF3D04}.Release|Any CPU.ActiveCfg = Release|Any CPU
		{0C140C12-66E8-4EAA-A25E-D82908CF3D04}.Release|Any CPU.Build.0 = Release|Any CPU
	EndGlobalSection
EndGlobal
