Microsoft Visual Studio Solution File, Format Version 12.00
# Visual Studio Version 17
VisualStudioVersion = 17.5.2.0
MinimumVisualStudioVersion = 10.0.40219.1
Project("{FAE04EC0-301F-11D3-BF4B-00C04F79EFBC}") = "Net9RefreshTokenDemo.Api", "Net9RefreshTokenDemo.Api.csproj", "{164B9A20-29AD-FE0D-F5DA-83EF1E527C62}"
EndProject
Global
	GlobalSection(SolutionConfigurationPlatforms) = preSolution
		Debug|Any CPU = Debug|Any CPU
		Release|Any CPU = Release|Any CPU
	EndGlobalSection
	GlobalSection(ProjectConfigurationPlatforms) = postSolution
		{164B9A20-29AD-FE0D-F5DA-83EF1E527C62}.Debug|Any CPU.ActiveCfg = Debug|Any CPU
		{164B9A20-29AD-FE0D-F5DA-83EF1E527C62}.Debug|Any CPU.Build.0 = Debug|Any CPU
		{164B9A20-29AD-FE0D-F5DA-83EF1E527C62}.Release|Any CPU.ActiveCfg = Release|Any CPU
		{164B9A20-29AD-FE0D-F5DA-83EF1E527C62}.Release|Any CPU.Build.0 = Release|Any CPU
	EndGlobalSection
	GlobalSection(SolutionProperties) = preSolution
		HideSolutionNode = FALSE
	EndGlobalSection
	GlobalSection(ExtensibilityGlobals) = postSolution
		SolutionGuid = {2CECBDB8-A63B-454A-A727-3AFC259E1189}
	EndGlobalSection
EndGlobal
